
Microsoft Visual Studio Solution File, Format Version 12.00
# Visual Studio Version 16
VisualStudioVersion = 16.0.31613.86
MinimumVisualStudioVersion = 10.0.40219.1
Project("{FAE04EC0-301F-11D3-BF4B-00C04F79EFBC}") = "Auth_sql", "Auth_sql.csproj", "{D4B11845-8F9F-454F-9741-616388BC0C10}"
EndProject
Global
	GlobalSection(SolutionConfigurationPlatforms) = preSolution
		Debug|Any CPU = Debug|Any CPU
		Release|Any CPU = Release|Any CPU
	EndGlobalSection
	GlobalSection(ProjectConfigurationPlatforms) = postSolution
		{D4B11845-8F9F-454F-9741-616388BC0C10}.Debug|Any CPU.ActiveCfg = Debug|Any CPU
		{D4B11845-8F9F-454F-9741-616388BC0C10}.Debug|Any CPU.Build.0 = Debug|Any CPU
		{D4B11845-8F9F-454F-9741-616388BC0C10}.Release|Any CPU.ActiveCfg = Release|Any CPU
		{D4B11845-8F9F-454F-9741-616388BC0C10}.Release|Any CPU.Build.0 = Release|Any CPU
	EndGlobalSection
	GlobalSection(SolutionProperties) = preSolution
		HideSolutionNode = FALSE
	EndGlobalSection
	GlobalSection(ExtensibilityGlobals) = postSolution
		SolutionGuid = {FD68F5A7-8118-44C1-997C-014F7E746A97}
	EndGlobalSection
EndGlobal
